PODS:
  - CSMediator (0.1.0):
    - CSMediator/Router (= 0.1.0)
    - CSMediator/Service (= 0.1.0)
  - CSMediator/Router (0.1.0)
  - CSMediator/Service (0.1.0)

DEPENDENCIES:
  - CSMediator (from `../`)

EXTERNAL SOURCES:
  CSMediator:
    :path: "../"

SPEC CHECKSUMS:
  CSMediator: f5267f2b387bd117ed092587c58f12044efa50be

PODFILE CHECKSUM: 8d90cdb2c373890dad299e9b49e03c6e8546949f

COCOAPODS: 1.5.0.beta.1
